// !$*UTF8*$!
{
	archiveVersion = 1;
	classes = {
	};
	objectVersion = 50;
	objects = {

/* Begin PBXBuildFile section */
		ED1DEAFE240FB68700B6C348 /* MovieListViewController.swift in Sources */ = {isa = PBXBuildFile; fileRef = ED1DEAFD240FB68700B6C348 /* MovieListViewController.swift */; };
		ED1DEB01240FBC1800B6C348 /* MovieTableViewCell.swift in Sources */ = {isa = PBXBuildFile; fileRef = ED1DEAFF240FBC1800B6C348 /* MovieTableViewCell.swift */; };
		ED1DEB02240FBC1800B6C348 /* MovieTableViewCell.xib in Resources */ = {isa = PBXBuildFile; fileRef = ED1DEB00240FBC1800B6C348 /* MovieTableViewCell.xib */; };
		ED1DEB042410090100B6C348 /* UIImageView+LoadFromURL.swift in Sources */ = {isa = PBXBuildFile; fileRef = ED1DEB032410090100B6C348 /* UIImageView+LoadFromURL.swift */; };
		ED47B3B52416495200EE238A /* GenreListViewController.swift in Sources */ = {isa = PBXBuildFile; fileRef = ED47B3B42416495200EE238A /* GenreListViewController.swift */; };
		ED47B3B824164AC500EE238A /* GenreCollectionViewCell.swift in Sources */ = {isa = PBXBuildFile; fileRef = ED47B3B624164AC500EE238A /* GenreCollectionViewCell.swift */; };
		ED47B3B924164AC500EE238A /* GenreCollectionViewCell.xib in Resources */ = {isa = PBXBuildFile; fileRef = ED47B3B724164AC500EE238A /* GenreCollectionViewCell.xib */; };
		ED47B3BB24164E3600EE238A /* GenresResponse.swift in Sources */ = {isa = PBXBuildFile; fileRef = ED47B3BA24164E3600EE238A /* GenresResponse.swift */; };
		ED47B3BE24168E0900EE238A /* UIImage+Color.swift in Sources */ = {isa = PBXBuildFile; fileRef = ED47B3BD24168E0900EE238A /* UIImage+Color.swift */; };
		ED763734240E4FF5003AC676 /* AppDelegate.swift in Sources */ = {isa = PBXBuildFile; fileRef = ED763733240E4FF5003AC676 /* AppDelegate.swift */; };
		ED763736240E4FF5003AC676 /* SceneDelegate.swift in Sources */ = {isa = PBXBuildFile; fileRef = ED763735240E4FF5003AC676 /* SceneDelegate.swift */; };
		ED763738240E4FF5003AC676 /* MovieDetailViewController.swift in Sources */ = {isa = PBXBuildFile; fileRef = ED763737240E4FF5003AC676 /* MovieDetailViewController.swift */; };
		ED76373B240E4FF5003AC676 /* Main.storyboard in Resources */ = {isa = PBXBuildFile; fileRef = ED763739240E4FF5003AC676 /* Main.storyboard */; };
		ED76373D240E4FF9003AC676 /* Assets.xcassets in Resources */ = {isa = PBXBuildFile; fileRef = ED76373C240E4FF9003AC676 /* Assets.xcassets */; };
		ED763740240E4FF9003AC676 /* LaunchScreen.storyboard in Resources */ = {isa = PBXBuildFile; fileRef = ED76373E240E4FF9003AC676 /* LaunchScreen.storyboard */; };
		ED763748240E547F003AC676 /* Movie.swift in Sources */ = {isa = PBXBuildFile; fileRef = ED763747240E547F003AC676 /* Movie.swift */; };
		ED88DF5524127A0200A4EF62 /* MovieVideosResponse.swift in Sources */ = {isa = PBXBuildFile; fileRef = ED88DF5424127A0200A4EF62 /* MovieVideosResponse.swift */; };
		EDBF2FE32411006000E3AD8C /* MoviesResponse.swift in Sources */ = {isa = PBXBuildFile; fileRef = EDBF2FE22411006000E3AD8C /* MoviesResponse.swift */; };
		EDBF2FE5241100A900E3AD8C /* MovieResponse.swift in Sources */ = {isa = PBXBuildFile; fileRef = EDBF2FE4241100A900E3AD8C /* MovieResponse.swift */; };
		EDBF2FE8241106F100E3AD8C /* ApiService.swift in Sources */ = {isa = PBXBuildFile; fileRef = EDBF2FE7241106F100E3AD8C /* ApiService.swift */; };
		EDBF2FEA241145AB00E3AD8C /* MovieDetailResponse.swift in Sources */ = {isa = PBXBuildFile; fileRef = EDBF2FE9241145AB00E3AD8C /* MovieDetailResponse.swift */; };
		EDBF2FEC2411492E00E3AD8C /* Genre.swift in Sources */ = {isa = PBXBuildFile; fileRef = EDBF2FEB2411492E00E3AD8C /* Genre.swift */; };
		EDDB9504241780FC00ECFC62 /* UIColor+getComponents.swift in Sources */ = {isa = PBXBuildFile; fileRef = EDDB9503241780FC00ECFC62 /* UIColor+getComponents.swift */; };
/* End PBXBuildFile section */

/* Begin PBXFileReference section */
		ED1DEAFD240FB68700B6C348 /* MovieListViewController.swift */ = {isa = PBXFileReference; lastKnownFileType = sourcecode.swift; path = MovieListViewController.swift; sourceTree = "<group>"; };
		ED1DEAFF240FBC1800B6C348 /* MovieTableViewCell.swift */ = {isa = PBXFileReference; lastKnownFileType = sourcecode.swift; name = MovieTableViewCell.swift; path = ProjectDim/Views/MovieTableViewCell.swift; sourceTree = SOURCE_ROOT; };
		ED1DEB00240FBC1800B6C348 /* MovieTableViewCell.xib */ = {isa = PBXFileReference; lastKnownFileType = file.xib; name = MovieTableViewCell.xib; path = ProjectDim/Views/MovieTableViewCell.xib; sourceTree = SOURCE_ROOT; };
		ED1DEB032410090100B6C348 /* UIImageView+LoadFromURL.swift */ = {isa = PBXFileReference; lastKnownFileType = sourcecode.swift; name = "UIImageView+LoadFromURL.swift"; path = "ProjectDim/Tools/UIImageView+LoadFromURL.swift"; sourceTree = SOURCE_ROOT; };
		ED47B3B42416495200EE238A /* GenreListViewController.swift */ = {isa = PBXFileReference; lastKnownFileType = sourcecode.swift; path = GenreListViewController.swift; sourceTree = "<group>"; };
		ED47B3B624164AC500EE238A /* GenreCollectionViewCell.swift */ = {isa = PBXFileReference; lastKnownFileType = sourcecode.swift; path = GenreCollectionViewCell.swift; sourceTree = "<group>"; };
		ED47B3B724164AC500EE238A /* GenreCollectionViewCell.xib */ = {isa = PBXFileReference; lastKnownFileType = file.xib; path = GenreCollectionViewCell.xib; sourceTree = "<group>"; };
		ED47B3BA24164E3600EE238A /* GenresResponse.swift */ = {isa = PBXFileReference; lastKnownFileType = sourcecode.swift; path = GenresResponse.swift; sourceTree = "<group>"; };
		ED47B3BD24168E0900EE238A /* UIImage+Color.swift */ = {isa = PBXFileReference; lastKnownFileType = sourcecode.swift; path = "UIImage+Color.swift"; sourceTree = "<group>"; };
		ED763730240E4FF5003AC676 /* ProjectDim.app */ = {isa = PBXFileReference; explicitFileType = wrapper.application; includeInIndex = 0; path = ProjectDim.app; sourceTree = BUILT_PRODUCTS_DIR; };
		ED763733240E4FF5003AC676 /* AppDelegate.swift */ = {isa = PBXFileReference; lastKnownFileType = sourcecode.swift; path = AppDelegate.swift; sourceTree = "<group>"; };
		ED763735240E4FF5003AC676 /* SceneDelegate.swift */ = {isa = PBXFileReference; lastKnownFileType = sourcecode.swift; path = SceneDelegate.swift; sourceTree = "<group>"; };
		ED763737240E4FF5003AC676 /* MovieDetailViewController.swift */ = {isa = PBXFileReference; lastKnownFileType = sourcecode.swift; path = MovieDetailViewController.swift; sourceTree = "<group>"; };
		ED76373A240E4FF5003AC676 /* Base */ = {isa = PBXFileReference; lastKnownFileType = file.storyboard; name = Base; path = Base.lproj/Main.storyboard; sourceTree = "<group>"; };
		ED76373C240E4FF9003AC676 /* Assets.xcassets */ = {isa = PBXFileReference; lastKnownFileType = folder.assetcatalog; path = Assets.xcassets; sourceTree = "<group>"; };
		ED76373F240E4FF9003AC676 /* Base */ = {isa = PBXFileReference; lastKnownFileType = file.storyboard; name = Base; path = Base.lproj/LaunchScreen.storyboard; sourceTree = "<group>"; };
		ED763741240E4FF9003AC676 /* Info.plist */ = {isa = PBXFileReference; lastKnownFileType = text.plist.xml; path = Info.plist; sourceTree = "<group>"; };
		ED763747240E547F003AC676 /* Movie.swift */ = {isa = PBXFileReference; lastKnownFileType = sourcecode.swift; path = Movie.swift; sourceTree = "<group>"; };
		ED88DF5424127A0200A4EF62 /* MovieVideosResponse.swift */ = {isa = PBXFileReference; lastKnownFileType = sourcecode.swift; path = MovieVideosResponse.swift; sourceTree = "<group>"; };
		EDBF2FE22411006000E3AD8C /* MoviesResponse.swift */ = {isa = PBXFileReference; lastKnownFileType = sourcecode.swift; path = MoviesResponse.swift; sourceTree = "<group>"; };
		EDBF2FE4241100A900E3AD8C /* MovieResponse.swift */ = {isa = PBXFileReference; lastKnownFileType = sourcecode.swift; path = MovieResponse.swift; sourceTree = "<group>"; };
		EDBF2FE7241106F100E3AD8C /* ApiService.swift */ = {isa = PBXFileReference; lastKnownFileType = sourcecode.swift; path = ApiService.swift; sourceTree = "<group>"; };
		EDBF2FE9241145AB00E3AD8C /* MovieDetailResponse.swift */ = {isa = PBXFileReference; lastKnownFileType = sourcecode.swift; path = MovieDetailResponse.swift; sourceTree = "<group>"; };
		EDBF2FEB2411492E00E3AD8C /* Genre.swift */ = {isa = PBXFileReference; lastKnownFileType = sourcecode.swift; path = Genre.swift; sourceTree = "<group>"; };
		EDDB9503241780FC00ECFC62 /* UIColor+getComponents.swift */ = {isa = PBXFileReference; lastKnownFileType = sourcecode.swift; path = "UIColor+getComponents.swift"; sourceTree = "<group>"; };
/* End PBXFileReference section */

/* Begin PBXFrameworksBuildPhase section */
		ED76372D240E4FF5003AC676 /* Frameworks */ = {
			isa = PBXFrameworksBuildPhase;
			buildActionMask = 2147483647;
			files = (
			);
			runOnlyForDeploymentPostprocessing = 0;
		};
/* End PBXFrameworksBuildPhase section */

/* Begin PBXGroup section */
		ED47B3BC24168D8D00EE238A /* Tools */ = {
			isa = PBXGroup;
			children = (
				ED47B3BD24168E0900EE238A /* UIImage+Color.swift */,
				EDDB9503241780FC00ECFC62 /* UIColor+getComponents.swift */,
				ED1DEB032410090100B6C348 /* UIImageView+LoadFromURL.swift */,
			);
			path = Tools;
			sourceTree = "<group>";
		};
		ED763727240E4FF5003AC676 = {
			isa = PBXGroup;
			children = (
				ED763732240E4FF5003AC676 /* ProjectDim */,
				ED763731240E4FF5003AC676 /* Products */,
			);
			sourceTree = "<group>";
		};
		ED763731240E4FF5003AC676 /* Products */ = {
			isa = PBXGroup;
			children = (
				ED763730240E4FF5003AC676 /* ProjectDim.app */,
			);
			name = Products;
			sourceTree = "<group>";
		};
		ED763732240E4FF5003AC676 /* ProjectDim */ = {
			isa = PBXGroup;
			children = (
				ED47B3BC24168D8D00EE238A /* Tools */,
				EDBF2FE6241106C100E3AD8C /* Services */,
				ED76374B240E5B1C003AC676 /* Views */,
				ED76374A240E5B15003AC676 /* Models */,
				ED763749240E5B07003AC676 /* Controllers */,
				ED763733240E4FF5003AC676 /* AppDelegate.swift */,
				ED763735240E4FF5003AC676 /* SceneDelegate.swift */,
				ED76373C240E4FF9003AC676 /* Assets.xcassets */,
				ED763741240E4FF9003AC676 /* Info.plist */,
			);
			path = ProjectDim;
			sourceTree = "<group>";
		};
		ED763749240E5B07003AC676 /* Controllers */ = {
			isa = PBXGroup;
			children = (
				ED763737240E4FF5003AC676 /* MovieDetailViewController.swift */,
				ED1DEAFD240FB68700B6C348 /* MovieListViewController.swift */,
				ED47B3B42416495200EE238A /* GenreListViewController.swift */,
			);
			path = Controllers;
			sourceTree = "<group>";
		};
		ED76374A240E5B15003AC676 /* Models */ = {
			isa = PBXGroup;
			children = (
				EDDB95052417C17900ECFC62 /* Responses */,
				EDBF2FEB2411492E00E3AD8C /* Genre.swift */,
				ED763747240E547F003AC676 /* Movie.swift */,
			);
			path = Models;
			sourceTree = "<group>";
		};
		ED76374B240E5B1C003AC676 /* Views */ = {
			isa = PBXGroup;
			children = (
				ED76373E240E4FF9003AC676 /* LaunchScreen.storyboard */,
				ED763739240E4FF5003AC676 /* Main.storyboard */,
				ED1DEAFF240FBC1800B6C348 /* MovieTableViewCell.swift */,
				ED1DEB00240FBC1800B6C348 /* MovieTableViewCell.xib */,
				ED47B3B624164AC500EE238A /* GenreCollectionViewCell.swift */,
				ED47B3B724164AC500EE238A /* GenreCollectionViewCell.xib */,
			);
			path = Views;
			sourceTree = "<group>";
		};
		EDBF2FE6241106C100E3AD8C /* Services */ = {
			isa = PBXGroup;
			children = (
				EDBF2FE7241106F100E3AD8C /* ApiService.swift */,
			);
			path = Services;
			sourceTree = "<group>";
		};
		EDDB95052417C17900ECFC62 /* Responses */ = {
			isa = PBXGroup;
			children = (
				EDBF2FE22411006000E3AD8C /* MoviesResponse.swift */,
				EDBF2FE9241145AB00E3AD8C /* MovieDetailResponse.swift */,
				ED47B3BA24164E3600EE238A /* GenresResponse.swift */,
				EDBF2FE4241100A900E3AD8C /* MovieResponse.swift */,
				ED88DF5424127A0200A4EF62 /* MovieVideosResponse.swift */,
			);
			path = Responses;
			sourceTree = "<group>";
		};
/* End PBXGroup section */

/* Begin PBXNativeTarget section */
		ED76372F240E4FF5003AC676 /* ProjectDim */ = {
			isa = PBXNativeTarget;
			buildConfigurationList = ED763744240E4FF9003AC676 /* Build configuration list for PBXNativeTarget "ProjectDim" */;
			buildPhases = (
				ED76372C240E4FF5003AC676 /* Sources */,
				ED76372D240E4FF5003AC676 /* Frameworks */,
				ED76372E240E4FF5003AC676 /* Resources */,
			);
			buildRules = (
			);
			dependencies = (
			);
			name = ProjectDim;
			productName = ProjectDim;
			productReference = ED763730240E4FF5003AC676 /* ProjectDim.app */;
			productType = "com.apple.product-type.application";
		};
/* End PBXNativeTarget section */

/* Begin PBXProject section */
		ED763728240E4FF5003AC676 /* Project object */ = {
			isa = PBXProject;
			attributes = {
				LastSwiftUpdateCheck = 1130;
				LastUpgradeCheck = 1130;
				ORGANIZATIONNAME = "Yannick VERON";
				TargetAttributes = {
					ED76372F240E4FF5003AC676 = {
						CreatedOnToolsVersion = 11.3.1;
					};
				};
			};
			buildConfigurationList = ED76372B240E4FF5003AC676 /* Build configuration list for PBXProject "ProjectDim" */;
			compatibilityVersion = "Xcode 9.3";
			developmentRegion = en;
			hasScannedForEncodings = 0;
			knownRegions = (
				en,
				Base,
			);
			mainGroup = ED763727240E4FF5003AC676;
			productRefGroup = ED763731240E4FF5003AC676 /* Products */;
			projectDirPath = "";
			projectRoot = "";
			targets = (
				ED76372F240E4FF5003AC676 /* ProjectDim */,
			);
		};
/* End PBXProject section */

/* Begin PBXResourcesBuildPhase section */
		ED76372E240E4FF5003AC676 /* Resources */ = {
			isa = PBXResourcesBuildPhase;
			buildActionMask = 2147483647;
			files = (
				ED763740240E4FF9003AC676 /* LaunchScreen.storyboard in Resources */,
				ED76373D240E4FF9003AC676 /* Assets.xcassets in Resources */,
				ED47B3B924164AC500EE238A /* GenreCollectionViewCell.xib in Resources */,
				ED1DEB02240FBC1800B6C348 /* MovieTableViewCell.xib in Resources */,
				ED76373B240E4FF5003AC676 /* Main.storyboard in Resources */,
			);
			runOnlyForDeploymentPostprocessing = 0;
		};
/* End PBXResourcesBuildPhase section */

/* Begin PBXSourcesBuildPhase section */
		ED76372C240E4FF5003AC676 /* Sources */ = {
			isa = PBXSourcesBuildPhase;
			buildActionMask = 2147483647;
			files = (
				ED763738240E4FF5003AC676 /* MovieDetailViewController.swift in Sources */,
				EDBF2FE32411006000E3AD8C /* MoviesResponse.swift in Sources */,
				ED47B3B52416495200EE238A /* GenreListViewController.swift in Sources */,
				ED88DF5524127A0200A4EF62 /* MovieVideosResponse.swift in Sources */,
				EDBF2FEA241145AB00E3AD8C /* MovieDetailResponse.swift in Sources */,
				EDBF2FEC2411492E00E3AD8C /* Genre.swift in Sources */,
				EDBF2FE5241100A900E3AD8C /* MovieResponse.swift in Sources */,
				ED47B3B824164AC500EE238A /* GenreCollectionViewCell.swift in Sources */,
				ED1DEAFE240FB68700B6C348 /* MovieListViewController.swift in Sources */,
				ED1DEB01240FBC1800B6C348 /* MovieTableViewCell.swift in Sources */,
				EDDB9504241780FC00ECFC62 /* UIColor+getComponents.swift in Sources */,
				ED763734240E4FF5003AC676 /* AppDelegate.swift in Sources */,
				EDBF2FE8241106F100E3AD8C /* ApiService.swift in Sources */,
				ED1DEB042410090100B6C348 /* UIImageView+LoadFromURL.swift in Sources */,
				ED763748240E547F003AC676 /* Movie.swift in Sources */,
				ED47B3BB24164E3600EE238A /* GenresResponse.swift in Sources */,
				ED763736240E4FF5003AC676 /* SceneDelegate.swift in Sources */,
				ED47B3BE24168E0900EE238A /* UIImage+Color.swift in Sources */,
			);
			runOnlyForDeploymentPostprocessing = 0;
		};
/* End PBXSourcesBuildPhase section */

/* Begin PBXVariantGroup section */
		ED763739240E4FF5003AC676 /* Main.storyboard */ = {
			isa = PBXVariantGroup;
			children = (
				ED76373A240E4FF5003AC676 /* Base */,
			);
			name = Main.storyboard;
			sourceTree = "<group>";
		};
		ED76373E240E4FF9003AC676 /* LaunchScreen.storyboard */ = {
			isa = PBXVariantGroup;
			children = (
				ED76373F240E4FF9003AC676 /* Base */,
			);
			name = LaunchScreen.storyboard;
			sourceTree = "<group>";
		};
/* End PBXVariantGroup section */

/* Begin XCBuildConfiguration section */
		ED763742240E4FF9003AC676 /* Debug */ = {
			isa = XCBuildConfiguration;
			buildSettings = {
				ALWAYS_SEARCH_USER_PATHS = NO;
				CLANG_ANALYZER_NONNULL = YES;
				CLANG_ANALYZER_NUMBER_OBJECT_CONVERSION = YES_AGGRESSIVE;
				CLANG_CXX_LANGUAGE_STANDARD = "gnu++14";
				CLANG_CXX_LIBRARY = "libc++";
				CLANG_ENABLE_MODULES = YES;
				CLANG_ENABLE_OBJC_ARC = YES;
				CLANG_ENABLE_OBJC_WEAK = YES;
				CLANG_WARN_BLOCK_CAPTURE_AUTORELEASING = YES;
				CLANG_WARN_BOOL_CONVERSION = YES;
				CLANG_WARN_COMMA = YES;
				CLANG_WARN_CONSTANT_CONVERSION = YES;
				CLANG_WARN_DEPRECATED_OBJC_IMPLEMENTATIONS = YES;
				CLANG_WARN_DIRECT_OBJC_ISA_USAGE = YES_ERROR;
				CLANG_WARN_DOCUMENTATION_COMMENTS = YES;
				CLANG_WARN_EMPTY_BODY = YES;
				CLANG_WARN_ENUM_CONVERSION = YES;
				CLANG_WARN_INFINITE_RECURSION = YES;
				CLANG_WARN_INT_CONVERSION = YES;
				CLANG_WARN_NON_LITERAL_NULL_CONVERSION = YES;
				CLANG_WARN_OBJC_IMPLICIT_RETAIN_SELF = YES;
				CLANG_WARN_OBJC_LITERAL_CONVERSION = YES;
				CLANG_WARN_OBJC_ROOT_CLASS = YES_ERROR;
				CLANG_WARN_RANGE_LOOP_ANALYSIS = YES;
				CLANG_WARN_STRICT_PROTOTYPES = YES;
				CLANG_WARN_SUSPICIOUS_MOVE = YES;
				CLANG_WARN_UNGUARDED_AVAILABILITY = YES_AGGRESSIVE;
				CLANG_WARN_UNREACHABLE_CODE = YES;
				CLANG_WARN__DUPLICATE_METHOD_MATCH = YES;
				COPY_PHASE_STRIP = NO;
				DEBUG_INFORMATION_FORMAT = dwarf;
				ENABLE_STRICT_OBJC_MSGSEND = YES;
				ENABLE_TESTABILITY = YES;
				GCC_C_LANGUAGE_STANDARD = gnu11;
				GCC_DYNAMIC_NO_PIC = NO;
				GCC_NO_COMMON_BLOCKS = YES;
				GCC_OPTIMIZATION_LEVEL = 0;
				GCC_PREPROCESSOR_DEFINITIONS = (
					"DEBUG=1",
					"$(inherited)",
				);
				GCC_WARN_64_TO_32_BIT_CONVERSION = YES;
				GCC_WARN_ABOUT_RETURN_TYPE = YES_ERROR;
				GCC_WARN_UNDECLARED_SELECTOR = YES;
				GCC_WARN_UNINITIALIZED_AUTOS = YES_AGGRESSIVE;
				GCC_WARN_UNUSED_FUNCTION = YES;
				GCC_WARN_UNUSED_VARIABLE = YES;
				IPHONEOS_DEPLOYMENT_TARGET = 13.2;
				MTL_ENABLE_DEBUG_INFO = INCLUDE_SOURCE;
				MTL_FAST_MATH = YES;
				ONLY_ACTIVE_ARCH = YES;
				SDKROOT = iphoneos;
				SWIFT_ACTIVE_COMPILATION_CONDITIONS = DEBUG;
				SWIFT_OPTIMIZATION_LEVEL = "-Onone";
			};
			name = Debug;
		};
		ED763743240E4FF9003AC676 /* Release */ = {
			isa = XCBuildConfiguration;
			buildSettings = {
				ALWAYS_SEARCH_USER_PATHS = NO;
				CLANG_ANALYZER_NONNULL = YES;
				CLANG_ANALYZER_NUMBER_OBJECT_CONVERSION = YES_AGGRESSIVE;
				CLANG_CXX_LANGUAGE_STANDARD = "gnu++14";
				CLANG_CXX_LIBRARY = "libc++";
				CLANG_ENABLE_MODULES = YES;
				CLANG_ENABLE_OBJC_ARC = YES;
				CLANG_ENABLE_OBJC_WEAK = YES;
				CLANG_WARN_BLOCK_CAPTURE_AUTORELEASING = YES;
				CLANG_WARN_BOOL_CONVERSION = YES;
				CLANG_WARN_COMMA = YES;
				CLANG_WARN_CONSTANT_CONVERSION = YES;
				CLANG_WARN_DEPRECATED_OBJC_IMPLEMENTATIONS = YES;
				CLANG_WARN_DIRECT_OBJC_ISA_USAGE = YES_ERROR;
				CLANG_WARN_DOCUMENTATION_COMMENTS = YES;
				CLANG_WARN_EMPTY_BODY = YES;
				CLANG_WARN_ENUM_CONVERSION = YES;
				CLANG_WARN_INFINITE_RECURSION = YES;
				CLANG_WARN_INT_CONVERSION = YES;
				CLANG_WARN_NON_LITERAL_NULL_CONVERSION = YES;
				CLANG_WARN_OBJC_IMPLICIT_RETAIN_SELF = YES;
				CLANG_WARN_OBJC_LITERAL_CONVERSION = YES;
				CLANG_WARN_OBJC_ROOT_CLASS = YES_ERROR;
				CLANG_WARN_RANGE_LOOP_ANALYSIS = YES;
				CLANG_WARN_STRICT_PROTOTYPES = YES;
				CLANG_WARN_SUSPICIOUS_MOVE = YES;
				CLANG_WARN_UNGUARDED_AVAILABILITY = YES_AGGRESSIVE;
				CLANG_WARN_UNREACHABLE_CODE = YES;
				CLANG_WARN__DUPLICATE_METHOD_MATCH = YES;
				COPY_PHASE_STRIP = NO;
				DEBUG_INFORMATION_FORMAT = "dwarf-with-dsym";
				ENABLE_NS_ASSERTIONS = NO;
				ENABLE_STRICT_OBJC_MSGSEND = YES;
				GCC_C_LANGUAGE_STANDARD = gnu11;
				GCC_NO_COMMON_BLOCKS = YES;
				GCC_WARN_64_TO_32_BIT_CONVERSION = YES;
				GCC_WARN_ABOUT_RETURN_TYPE = YES_ERROR;
				GCC_WARN_UNDECLARED_SELECTOR = YES;
				GCC_WARN_UNINITIALIZED_AUTOS = YES_AGGRESSIVE;
				GCC_WARN_UNUSED_FUNCTION = YES;
				GCC_WARN_UNUSED_VARIABLE = YES;
				IPHONEOS_DEPLOYMENT_TARGET = 13.2;
				MTL_ENABLE_DEBUG_INFO = NO;
				MTL_FAST_MATH = YES;
				SDKROOT = iphoneos;
				SWIFT_COMPILATION_MODE = wholemodule;
				SWIFT_OPTIMIZATION_LEVEL = "-O";
				VALIDATE_PRODUCT = YES;
			};
			name = Release;
		};
		ED763745240E4FF9003AC676 /* Debug */ = {
			isa = XCBuildConfiguration;
			buildSettings = {
				ASSETCATALOG_COMPILER_APPICON_NAME = AppIcon;
				CODE_SIGN_STYLE = Automatic;
				INFOPLIST_FILE = ProjectDim/Info.plist;
				LD_RUNPATH_SEARCH_PATHS = (
					"$(inherited)",
					"@executable_path/Frameworks",
				);
				PRODUCT_BUNDLE_IDENTIFIER = com.lpdim.ProjectDim;
				PRODUCT_NAME = "$(TARGET_NAME)";
				SWIFT_VERSION = 5.0;
				TARGETED_DEVICE_FAMILY = "1,2";
			};
			name = Debug;
		};
		ED763746240E4FF9003AC676 /* Release */ = {
			isa = XCBuildConfiguration;
			buildSettings = {
				ASSETCATALOG_COMPILER_APPICON_NAME = AppIcon;
				CODE_SIGN_STYLE = Automatic;
				INFOPLIST_FILE = ProjectDim/Info.plist;
				LD_RUNPATH_SEARCH_PATHS = (
					"$(inherited)",
					"@executable_path/Frameworks",
				);
				PRODUCT_BUNDLE_IDENTIFIER = com.lpdim.ProjectDim;
				PRODUCT_NAME = "$(TARGET_NAME)";
				SWIFT_VERSION = 5.0;
				TARGETED_DEVICE_FAMILY = "1,2";
			};
			name = Release;
		};
/* End XCBuildConfiguration section */

/* Begin XCConfigurationList section */
		ED76372B240E4FF5003AC676 /* Build configuration list for PBXProject "ProjectDim" */ = {
			isa = XCConfigurationList;
			buildConfigurations = (
				ED763742240E4FF9003AC676 /* Debug */,
				ED763743240E4FF9003AC676 /* Release */,
			);
			defaultConfigurationIsVisible = 0;
			defaultConfigurationName = Release;
		};
		ED763744240E4FF9003AC676 /* Build configuration list for PBXNativeTarget "ProjectDim" */ = {
			isa = XCConfigurationList;
			buildConfigurations = (
				ED763745240E4FF9003AC676 /* Debug */,
				ED763746240E4FF9003AC676 /* Release */,
			);
			defaultConfigurationIsVisible = 0;
			defaultConfigurationName = Release;
		};
/* End XCConfigurationList section */
	};
	rootObject = ED763728240E4FF5003AC676 /* Project object */;
}
